
Microsoft Visual Studio Solution File, Format Version 12.00
# Visual Studio Version 16
VisualStudioVersion = 16.0.29102.190
MinimumVisualStudioVersion = 10.0.40219.1
Project("{00D1A9C2-B5F0-4AF3-8072-F6C62B433612}") = "Database", "Database\Database.sqlproj", "{3BA1A7BF-F3F2-4109-B873-E4F20C406878}"
EndProject
Project("{FAE04EC0-301F-11D3-BF4B-00C04F79EFBC}") = "API", "WebApplicationAPI\API.csproj", "{B2F4DF12-2F73-40F7-8792-D3A9004C5C44}"
EndProject
Project("{FAE04EC0-301F-11D3-BF4B-00C04F79EFBC}") = "WebApplication", "WebApplication\WebApplication.csproj", "{21CF7ED6-9A57-43E1-B387-89EAF2B1CD8C}"
EndProject
Project("{FAE04EC0-301F-11D3-BF4B-00C04F79EFBC}") = "Lib", "WebApplicationLib\Lib.csproj", "{3F95ED88-AD6D-443B-A5EA-0192BEE271B4}"
EndProject
Project("{FAE04EC0-301F-11D3-BF4B-00C04F79EFBC}") = "Models", "Models\Models.csproj", "{EE459F7C-A9CB-49D5-A7EA-FA839C6C3628}"
EndProject
Project("{FAE04EC0-301F-11D3-BF4B-00C04F79EFBC}") = "WmsTransferSender", "WmsTransferSender\WmsTransferSender.csproj", "{B6C660DB-0408-41EB-A908-9A707341A717}"
EndProject
Project("{FAE04EC0-301F-11D3-BF4B-00C04F79EFBC}") = "WmsSimulator", "WmsSimulator\WmsSimulator.csproj", "{339F6457-D926-4219-B4E7-337D169FE372}"
EndProject
Global
	GlobalSection(SolutionConfigurationPlatforms) = preSolution
		Debug|Any CPU = Debug|Any CPU
		Release|Any CPU = Release|Any CPU
	EndGlobalSection
	GlobalSection(ProjectConfigurationPlatforms) = postSolution
		{3BA1A7BF-F3F2-4109-B873-E4F20C406878}.Debug|Any CPU.ActiveCfg = Debug|Any CPU
		{3BA1A7BF-F3F2-4109-B873-E4F20C406878}.Debug|Any CPU.Build.0 = Debug|Any CPU
		{3BA1A7BF-F3F2-4109-B873-E4F20C406878}.Debug|Any CPU.Deploy.0 = Debug|Any CPU
		{3BA1A7BF-F3F2-4109-B873-E4F20C406878}.Release|Any CPU.ActiveCfg = Release|Any CPU
		{3BA1A7BF-F3F2-4109-B873-E4F20C406878}.Release|Any CPU.Build.0 = Release|Any CPU
		{3BA1A7BF-F3F2-4109-B873-E4F20C406878}.Release|Any CPU.Deploy.0 = Release|Any CPU
		{B2F4DF12-2F73-40F7-8792-D3A9004C5C44}.Debug|Any CPU.ActiveCfg = Debug|Any CPU
		{B2F4DF12-2F73-40F7-8792-D3A9004C5C44}.Debug|Any CPU.Build.0 = Debug|Any CPU
		{B2F4DF12-2F73-40F7-8792-D3A9004C5C44}.Release|Any CPU.ActiveCfg = Release|Any CPU
		{B2F4DF12-2F73-40F7-8792-D3A9004C5C44}.Release|Any CPU.Build.0 = Release|Any CPU
		{21CF7ED6-9A57-43E1-B387-89EAF2B1CD8C}.Debug|Any CPU.ActiveCfg = Debug|Any CPU
		{21CF7ED6-9A57-43E1-B387-89EAF2B1CD8C}.Debug|Any CPU.Build.0 = Debug|Any CPU
		{21CF7ED6-9A57-43E1-B387-89EAF2B1CD8C}.Release|Any CPU.ActiveCfg = Release|Any CPU
		{21CF7ED6-9A57-43E1-B387-89EAF2B1CD8C}.Release|Any CPU.Build.0 = Release|Any CPU
		{3F95ED88-AD6D-443B-A5EA-0192BEE271B4}.Debug|Any CPU.ActiveCfg = Debug|Any CPU
		{3F95ED88-AD6D-443B-A5EA-0192BEE271B4}.Debug|Any CPU.Build.0 = Debug|Any CPU
		{3F95ED88-AD6D-443B-A5EA-0192BEE271B4}.Release|Any CPU.ActiveCfg = Release|Any CPU
		{3F95ED88-AD6D-443B-A5EA-0192BEE271B4}.Release|Any CPU.Build.0 = Release|Any CPU
		{EE459F7C-A9CB-49D5-A7EA-FA839C6C3628}.Debug|Any CPU.ActiveCfg = Debug|Any CPU
		{EE459F7C-A9CB-49D5-A7EA-FA839C6C3628}.Debug|Any CPU.Build.0 = Debug|Any CPU
		{EE459F7C-A9CB-49D5-A7EA-FA839C6C3628}.Release|Any CPU.ActiveCfg = Release|Any CPU
		{EE459F7C-A9CB-49D5-A7EA-FA839C6C3628}.Release|Any CPU.Build.0 = Release|Any CPU
		{B6C660DB-0408-41EB-A908-9A707341A717}.Debug|Any CPU.ActiveCfg = Debug|Any CPU
		{B6C660DB-0408-41EB-A908-9A707341A717}.Debug|Any CPU.Build.0 = Debug|Any CPU
		{B6C660DB-0408-41EB-A908-9A707341A717}.Release|Any CPU.ActiveCfg = Release|Any CPU
		{B6C660DB-0408-41EB-A908-9A707341A717}.Release|Any CPU.Build.0 = Release|Any CPU
		{339F6457-D926-4219-B4E7-337D169FE372}.Debug|Any CPU.ActiveCfg = Debug|Any CPU
		{339F6457-D926-4219-B4E7-337D169FE372}.Debug|Any CPU.Build.0 = Debug|Any CPU
		{339F6457-D926-4219-B4E7-337D169FE372}.Release|Any CPU.ActiveCfg = Release|Any CPU
		{339F6457-D926-4219-B4E7-337D169FE372}.Release|Any CPU.Build.0 = Release|Any CPU
	EndGlobalSection
	GlobalSection(SolutionProperties) = preSolution
		HideSolutionNode = FALSE
	EndGlobalSection
	GlobalSection(ExtensibilityGlobals) = postSolution
		SolutionGuid = {4540A194-65C6-46AE-B70C-0A24EC596275}
	EndGlobalSection
EndGlobal
